%{
  "cowboy": {:hex, :cowboy, "2.2.2", "6cde634da1da8b1d17dd2b20f5f6f91ab8ac7fa1b5106d13dad63c905ab76004", [:rebar3], [{:cowlib, "~> 2.1.0", [hex: :cowlib, optional: false]}, {:ranch, "~> 1.4.0", [hex: :ranch, optional: false]}]},
  "cowlib": {:git, "https://github.com/ninenines/cowlib.git", "804d5262a3369623683213b14d6b936066fc7aab", [tag: "2.4.0"]},
  "dialyxir": {:hex, :dialyxir, "0.5.1", "b331b091720fd93e878137add264bac4f644e1ddae07a70bf7062c7862c4b952", [:mix], []},
  "grpc": {:git, "https://github.com/tony612/grpc-elixir.git", "b635aff233e8db173557e9eca414bc9d640e71d7", []},
  "gun": {:git, "https://github.com/ninenines/gun.git", "e49f8af96da160b0417d21d5550fedd216acc263", [tag: "1.0.0-rc.1"]},
  "protobuf": {:git, "https://github.com/tony612/protobuf-elixir.git", "291639cb3b6159aeba8236c11a18d150d912fb82", []},
  "ranch": {:hex, :ranch, "1.4.0", "10272f95da79340fa7e8774ba7930b901713d272905d0012b06ca6d994f8826b", [:rebar3], []},
}
